
Microsoft Visual Studio Solution File, Format Version 12.00
# Visual Studio Version 17
VisualStudioVersion = 17.9.34622.214
MinimumVisualStudioVersion = 10.0.40219.1
Project("{9A19103F-16F7-4668-BE54-9A1E7A4F7556}") = "Persistence", "src\Persistence\Persistence.csproj", "{5115921C-CC60-4BC4-91FC-F3D55488596C}"
EndProject
Project("{9A19103F-16F7-4668-BE54-9A1E7A4F7556}") = "Domain", "src\Domain\Domain.csproj", "{0E0E5E49-EF13-4604-8A79-43EBD139CE5D}"
EndProject
Project("{9A19103F-16F7-4668-BE54-9A1E7A4F7556}") = "Application", "src\Application\Application.csproj", "{57FEC512-2DE9-425A-B6C2-3C6E0E77ED11}"
EndProject
Project("{FAE04EC0-301F-11D3-BF4B-00C04F79EFBC}") = "API", "src\API\API.csproj", "{C71F2270-46F8-4D10-AFB8-37ACC410AF9A}"
EndProject
Global
	GlobalSection(SolutionConfigurationPlatforms) = preSolution
		Debug|Any CPU = Debug|Any CPU
		Release|Any CPU = Release|Any CPU
	EndGlobalSection
	GlobalSection(ProjectConfigurationPlatforms) = postSolution
		{5115921C-CC60-4BC4-91FC-F3D55488596C}.Debug|Any CPU.ActiveCfg = Debug|Any CPU
		{5115921C-CC60-4BC4-91FC-F3D55488596C}.Debug|Any CPU.Build.0 = Debug|Any CPU
		{5115921C-CC60-4BC4-91FC-F3D55488596C}.Release|Any CPU.ActiveCfg = Release|Any CPU
		{5115921C-CC60-4BC4-91FC-F3D55488596C}.Release|Any CPU.Build.0 = Release|Any CPU
		{0E0E5E49-EF13-4604-8A79-43EBD139CE5D}.Debug|Any CPU.ActiveCfg = Debug|Any CPU
		{0E0E5E49-EF13-4604-8A79-43EBD139CE5D}.Debug|Any CPU.Build.0 = Debug|Any CPU
		{0E0E5E49-EF13-4604-8A79-43EBD139CE5D}.Release|Any CPU.ActiveCfg = Release|Any CPU
		{0E0E5E49-EF13-4604-8A79-43EBD139CE5D}.Release|Any CPU.Build.0 = Release|Any CPU
		{57FEC512-2DE9-425A-B6C2-3C6E0E77ED11}.Debug|Any CPU.ActiveCfg = Debug|Any CPU
		{57FEC512-2DE9-425A-B6C2-3C6E0E77ED11}.Debug|Any CPU.Build.0 = Debug|Any CPU
		{57FEC512-2DE9-425A-B6C2-3C6E0E77ED11}.Release|Any CPU.ActiveCfg = Release|Any CPU
		{57FEC512-2DE9-425A-B6C2-3C6E0E77ED11}.Release|Any CPU.Build.0 = Release|Any CPU
		{C71F2270-46F8-4D10-AFB8-37ACC410AF9A}.Debug|Any CPU.ActiveCfg = Debug|Any CPU
		{C71F2270-46F8-4D10-AFB8-37ACC410AF9A}.Debug|Any CPU.Build.0 = Debug|Any CPU
		{C71F2270-46F8-4D10-AFB8-37ACC410AF9A}.Release|Any CPU.ActiveCfg = Release|Any CPU
		{C71F2270-46F8-4D10-AFB8-37ACC410AF9A}.Release|Any CPU.Build.0 = Release|Any CPU
	EndGlobalSection
	GlobalSection(SolutionProperties) = preSolution
		HideSolutionNode = FALSE
	EndGlobalSection
	GlobalSection(ExtensibilityGlobals) = postSolution
		SolutionGuid = {10231062-87A6-4B10-AADC-D661AC408B8D}
	EndGlobalSection
EndGlobal
